{
  "nodes": {
    "abridge": {
      "flake": false,
      "locked": {
        "lastModified": 1734729110,
        "narHash": "sha256-9qrfEpRUcLyPgokzfEBuVwickKlLr0YaDS0dLH3Arn0=",
        "owner": "jieiku",
        "repo": "abridge",
        "rev": "004df72a1176ee50b51f0be257341337f1dc52eb",
        "type": "github"
      },
      "original": {
        "owner": "jieiku",
        "repo": "abridge",
        "type": "github"
      }
    },
    "nixpkgs": {
      "locked": {
        "lastModified": 1734649271,
        "narHash": "sha256-4EVBRhOjMDuGtMaofAIqzJbg4Ql7Ai0PSeuVZTHjyKQ=",
        "owner": "NixOS",
        "repo": "nixpkgs",
        "rev": "d70bd19e0a38ad4790d3913bf08fcbfc9eeca507",
        "type": "github"
      },
      "original": {
        "owner": "NixOS",
        "ref": "nixos-unstable",
        "repo": "nixpkgs",
        "type": "github"
      }
    },
    "root": {
      "inputs": {
        "abridge": "abridge",
        "nixpkgs": "nixpkgs"
      }
    }
  },
  "root": "root",
  "version": 7
}
